
Microsoft Visual Studio Solution File, Format Version 12.00
# Visual Studio 15
Project("{FAE04EC0-301F-11D3-BF4B-00C04F79EFBC}") = "ExercisePBS", "ExercisePBS.csproj", "{88C9BA4C-A488-BB47-AE11-A8CE37C1DF2F}"
EndProject
Project("{FAE04EC0-301F-11D3-BF4B-00C04F79EFBC}") = "ExercisePBS.Editor", "ExercisePBS.Editor.csproj", "{EC5C6D26-0ED0-71BF-EEC4-D9F456EF86AB}"
EndProject
Global
	GlobalSection(SolutionConfigurationPlatforms) = preSolution
		Debug|Any CPU = Debug|Any CPU
		Release|Any CPU = Release|Any CPU
	EndGlobalSection
	GlobalSection(ProjectConfigurationPlatforms) = postSolution
		{88C9BA4C-A488-BB47-AE11-A8CE37C1DF2F}.Debug|Any CPU.ActiveCfg = Debug|Any CPU
		{88C9BA4C-A488-BB47-AE11-A8CE37C1DF2F}.Debug|Any CPU.Build.0 = Debug|Any CPU
		{88C9BA4C-A488-BB47-AE11-A8CE37C1DF2F}.Release|Any CPU.ActiveCfg = Release|Any CPU
		{88C9BA4C-A488-BB47-AE11-A8CE37C1DF2F}.Release|Any CPU.Build.0 = Release|Any CPU
		{EC5C6D26-0ED0-71BF-EEC4-D9F456EF86AB}.Debug|Any CPU.ActiveCfg = Debug|Any CPU
		{EC5C6D26-0ED0-71BF-EEC4-D9F456EF86AB}.Debug|Any CPU.Build.0 = Debug|Any CPU
		{EC5C6D26-0ED0-71BF-EEC4-D9F456EF86AB}.Release|Any CPU.ActiveCfg = Release|Any CPU
		{EC5C6D26-0ED0-71BF-EEC4-D9F456EF86AB}.Release|Any CPU.Build.0 = Release|Any CPU
	EndGlobalSection
	GlobalSection(SolutionProperties) = preSolution
		HideSolutionNode = FALSE
	EndGlobalSection
EndGlobal
